// !$*UTF8*$!
{
	archiveVersion = 1;
	classes = {
	};
	objectVersion = 48;
	objects = {

/* Begin PBXBuildFile section */
		8FE74E78203FE9AA00C215FA /* AppDelegate.swift in Sources */ = {isa = PBXBuildFile; fileRef = 8FE74E77203FE9AA00C215FA /* AppDelegate.swift */; };
		8FE74E7A203FE9AB00C215FA /* ViewController.swift in Sources */ = {isa = PBXBuildFile; fileRef = 8FE74E79203FE9AB00C215FA /* ViewController.swift */; };
		8FE74E7D203FE9AB00C215FA /* Main.storyboard in Resources */ = {isa = PBXBuildFile; fileRef = 8FE74E7B203FE9AB00C215FA /* Main.storyboard */; };
		8FE74E7F203FE9AB00C215FA /* Assets.xcassets in Resources */ = {isa = PBXBuildFile; fileRef = 8FE74E7E203FE9AB00C215FA /* Assets.xcassets */; };
		8FE74E82203FE9AB00C215FA /* LaunchScreen.storyboard in Resources */ = {isa = PBXBuildFile; fileRef = 8FE74E80203FE9AB00C215FA /* LaunchScreen.storyboard */; };
		8FE74E8D203FE9AB00C215FA /* Project39Tests.swift in Sources */ = {isa = PBXBuildFile; fileRef = 8FE74E8C203FE9AB00C215FA /* Project39Tests.swift */; };
		8FE74E98203FE9AB00C215FA /* Project39UITests.swift in Sources */ = {isa = PBXBuildFile; fileRef = 8FE74E97203FE9AB00C215FA /* Project39UITests.swift */; };
		8FE74EA6203FE9C600C215FA /* plays.txt in Resources */ = {isa = PBXBuildFile; fileRef = 8FE74EA5203FE9C600C215FA /* plays.txt */; };
		8FE74EAA203FECBC00C215FA /* PlayData.swift in Sources */ = {isa = PBXBuildFile; fileRef = 8FE74EA9203FECBC00C215FA /* PlayData.swift */; };
/* End PBXBuildFile section */

/* Begin PBXContainerItemProxy section */
		8FE74E89203FE9AB00C215FA /* PBXContainerItemProxy */ = {
			isa = PBXContainerItemProxy;
			containerPortal = 8FE74E6C203FE9AA00C215FA /* Project object */;
			proxyType = 1;
			remoteGlobalIDString = 8FE74E73203FE9AA00C215FA;
			remoteInfo = Project39;
		};
		8FE74E94203FE9AB00C215FA /* PBXContainerItemProxy */ = {
			isa = PBXContainerItemProxy;
			containerPortal = 8FE74E6C203FE9AA00C215FA /* Project object */;
			proxyType = 1;
			remoteGlobalIDString = 8FE74E73203FE9AA00C215FA;
			remoteInfo = Project39;
		};
/* End PBXContainerItemProxy section */

/* Begin PBXFileReference section */
		8FE74E74203FE9AA00C215FA /* Project39.app */ = {isa = PBXFileReference; explicitFileType = wrapper.application; includeInIndex = 0; path = Project39.app; sourceTree = BUILT_PRODUCTS_DIR; };
		8FE74E77203FE9AA00C215FA /* AppDelegate.swift */ = {isa = PBXFileReference; lastKnownFileType = sourcecode.swift; path = AppDelegate.swift; sourceTree = "<group>"; };
		8FE74E79203FE9AB00C215FA /* ViewController.swift */ = {isa = PBXFileReference; lastKnownFileType = sourcecode.swift; path = ViewController.swift; sourceTree = "<group>"; };
		8FE74E7C203FE9AB00C215FA /* Base */ = {isa = PBXFileReference; lastKnownFileType = file.storyboard; name = Base; path = Base.lproj/Main.storyboard; sourceTree = "<group>"; };
		8FE74E7E203FE9AB00C215FA /* Assets.xcassets */ = {isa = PBXFileReference; lastKnownFileType = folder.assetcatalog; path = Assets.xcassets; sourceTree = "<group>"; };
		8FE74E81203FE9AB00C215FA /* Base */ = {isa = PBXFileReference; lastKnownFileType = file.storyboard; name = Base; path = Base.lproj/LaunchScreen.storyboard; sourceTree = "<group>"; };
		8FE74E83203FE9AB00C215FA /* Info.plist */ = {isa = PBXFileReference; lastKnownFileType = text.plist.xml; path = Info.plist; sourceTree = "<group>"; };
		8FE74E88203FE9AB00C215FA /* Project39Tests.xctest */ = {isa = PBXFileReference; explicitFileType = wrapper.cfbundle; includeInIndex = 0; path = Project39Tests.xctest; sourceTree = BUILT_PRODUCTS_DIR; };
		8FE74E8C203FE9AB00C215FA /* Project39Tests.swift */ = {isa = PBXFileReference; lastKnownFileType = sourcecode.swift; path = Project39Tests.swift; sourceTree = "<group>"; };
		8FE74E8E203FE9AB00C215FA /* Info.plist */ = {isa = PBXFileReference; lastKnownFileType = text.plist.xml; path = Info.plist; sourceTree = "<group>"; };
		8FE74E93203FE9AB00C215FA /* Project39UITests.xctest */ = {isa = PBXFileReference; explicitFileType = wrapper.cfbundle; includeInIndex = 0; path = Project39UITests.xctest; sourceTree = BUILT_PRODUCTS_DIR; };
		8FE74E97203FE9AB00C215FA /* Project39UITests.swift */ = {isa = PBXFileReference; lastKnownFileType = sourcecode.swift; path = Project39UITests.swift; sourceTree = "<group>"; };
		8FE74E99203FE9AB00C215FA /* Info.plist */ = {isa = PBXFileReference; lastKnownFileType = text.plist.xml; path = Info.plist; sourceTree = "<group>"; };
		8FE74EA5203FE9C600C215FA /* plays.txt */ = {isa = PBXFileReference; fileEncoding = 4; lastKnownFileType = text; name = plays.txt; path = "../../../Downloads/HackingWithSwift-master/project39-files/plays.txt"; sourceTree = "<group>"; };
		8FE74EA9203FECBC00C215FA /* PlayData.swift */ = {isa = PBXFileReference; lastKnownFileType = sourcecode.swift; path = PlayData.swift; sourceTree = "<group>"; };
/* End PBXFileReference section */

/* Begin PBXFrameworksBuildPhase section */
		8FE74E71203FE9AA00C215FA /* Frameworks */ = {
			isa = PBXFrameworksBuildPhase;
			buildActionMask = 2147483647;
			files = (
			);
			runOnlyForDeploymentPostprocessing = 0;
		};
		8FE74E85203FE9AB00C215FA /* Frameworks */ = {
			isa = PBXFrameworksBuildPhase;
			buildActionMask = 2147483647;
			files = (
			);
			runOnlyForDeploymentPostprocessing = 0;
		};
		8FE74E90203FE9AB00C215FA /* Frameworks */ = {
			isa = PBXFrameworksBuildPhase;
			buildActionMask = 2147483647;
			files = (
			);
			runOnlyForDeploymentPostprocessing = 0;
		};
/* End PBXFrameworksBuildPhase section */

/* Begin PBXGroup section */
		8FE74E6B203FE9AA00C215FA = {
			isa = PBXGroup;
			children = (
				8FE74E76203FE9AA00C215FA /* Project39 */,
				8FE74E8B203FE9AB00C215FA /* Project39Tests */,
				8FE74E96203FE9AB00C215FA /* Project39UITests */,
				8FE74E75203FE9AA00C215FA /* Products */,
			);
			sourceTree = "<group>";
		};
		8FE74E75203FE9AA00C215FA /* Products */ = {
			isa = PBXGroup;
			children = (
				8FE74E74203FE9AA00C215FA /* Project39.app */,
				8FE74E88203FE9AB00C215FA /* Project39Tests.xctest */,
				8FE74E93203FE9AB00C215FA /* Project39UITests.xctest */,
			);
			name = Products;
			sourceTree = "<group>";
		};
		8FE74E76203FE9AA00C215FA /* Project39 */ = {
			isa = PBXGroup;
			children = (
				8FE74E77203FE9AA00C215FA /* AppDelegate.swift */,
				8FE74EA9203FECBC00C215FA /* PlayData.swift */,
				8FE74E79203FE9AB00C215FA /* ViewController.swift */,
				8FE74E7B203FE9AB00C215FA /* Main.storyboard */,
				8FE74E7E203FE9AB00C215FA /* Assets.xcassets */,
				8FE74E80203FE9AB00C215FA /* LaunchScreen.storyboard */,
				8FE74E83203FE9AB00C215FA /* Info.plist */,
				8FE74EA5203FE9C600C215FA /* plays.txt */,
			);
			path = Project39;
			sourceTree = "<group>";
		};
		8FE74E8B203FE9AB00C215FA /* Project39Tests */ = {
			isa = PBXGroup;
			children = (
				8FE74E8C203FE9AB00C215FA /* Project39Tests.swift */,
				8FE74E8E203FE9AB00C215FA /* Info.plist */,
			);
			path = Project39Tests;
			sourceTree = "<group>";
		};
		8FE74E96203FE9AB00C215FA /* Project39UITests */ = {
			isa = PBXGroup;
			children = (
				8FE74E97203FE9AB00C215FA /* Project39UITests.swift */,
				8FE74E99203FE9AB00C215FA /* Info.plist */,
			);
			path = Project39UITests;
			sourceTree = "<group>";
		};
/* End PBXGroup section */

/* Begin PBXNativeTarget section */
		8FE74E73203FE9AA00C215FA /* Project39 */ = {
			isa = PBXNativeTarget;
			buildConfigurationList = 8FE74E9C203FE9AB00C215FA /* Build configuration list for PBXNativeTarget "Project39" */;
			buildPhases = (
				8FE74E70203FE9AA00C215FA /* Sources */,
				8FE74E71203FE9AA00C215FA /* Frameworks */,
				8FE74E72203FE9AA00C215FA /* Resources */,
			);
			buildRules = (
			);
			dependencies = (
			);
			name = Project39;
			productName = Project39;
			productReference = 8FE74E74203FE9AA00C215FA /* Project39.app */;
			productType = "com.apple.product-type.application";
		};
		8FE74E87203FE9AB00C215FA /* Project39Tests */ = {
			isa = PBXNativeTarget;
			buildConfigurationList = 8FE74E9F203FE9AB00C215FA /* Build configuration list for PBXNativeTarget "Project39Tests" */;
			buildPhases = (
				8FE74E84203FE9AB00C215FA /* Sources */,
				8FE74E85203FE9AB00C215FA /* Frameworks */,
				8FE74E86203FE9AB00C215FA /* Resources */,
			);
			buildRules = (
			);
			dependencies = (
				8FE74E8A203FE9AB00C215FA /* PBXTargetDependency */,
			);
			name = Project39Tests;
			productName = Project39Tests;
			productReference = 8FE74E88203FE9AB00C215FA /* Project39Tests.xctest */;
			productType = "com.apple.product-type.bundle.unit-test";
		};
		8FE74E92203FE9AB00C215FA /* Project39UITests */ = {
			isa = PBXNativeTarget;
			buildConfigurationList = 8FE74EA2203FE9AB00C215FA /* Build configuration list for PBXNativeTarget "Project39UITests" */;
			buildPhases = (
				8FE74E8F203FE9AB00C215FA /* Sources */,
				8FE74E90203FE9AB00C215FA /* Frameworks */,
				8FE74E91203FE9AB00C215FA /* Resources */,
			);
			buildRules = (
			);
			dependencies = (
				8FE74E95203FE9AB00C215FA /* PBXTargetDependency */,
			);
			name = Project39UITests;
			productName = Project39UITests;
			productReference = 8FE74E93203FE9AB00C215FA /* Project39UITests.xctest */;
			productType = "com.apple.product-type.bundle.ui-testing";
		};
/* End PBXNativeTarget section */

/* Begin PBXProject section */
		8FE74E6C203FE9AA00C215FA /* Project object */ = {
			isa = PBXProject;
			attributes = {
				LastSwiftUpdateCheck = 0920;
				LastUpgradeCheck = 0920;
				ORGANIZATIONNAME = "原野誉大";
				TargetAttributes = {
					8FE74E73203FE9AA00C215FA = {
						CreatedOnToolsVersion = 9.2;
						ProvisioningStyle = Automatic;
					};
					8FE74E87203FE9AB00C215FA = {
						CreatedOnToolsVersion = 9.2;
						ProvisioningStyle = Automatic;
						TestTargetID = 8FE74E73203FE9AA00C215FA;
					};
					8FE74E92203FE9AB00C215FA = {
						CreatedOnToolsVersion = 9.2;
						ProvisioningStyle = Automatic;
						TestTargetID = 8FE74E73203FE9AA00C215FA;
					};
				};
			};
			buildConfigurationList = 8FE74E6F203FE9AA00C215FA /* Build configuration list for PBXProject "Project39" */;
			compatibilityVersion = "Xcode 8.0";
			developmentRegion = en;
			hasScannedForEncodings = 0;
			knownRegions = (
				en,
				Base,
			);
			mainGroup = 8FE74E6B203FE9AA00C215FA;
			productRefGroup = 8FE74E75203FE9AA00C215FA /* Products */;
			projectDirPath = "";
			projectRoot = "";
			targets = (
				8FE74E73203FE9AA00C215FA /* Project39 */,
				8FE74E87203FE9AB00C215FA /* Project39Tests */,
				8FE74E92203FE9AB00C215FA /* Project39UITests */,
			);
		};
/* End PBXProject section */

/* Begin PBXResourcesBuildPhase section */
		8FE74E72203FE9AA00C215FA /* Resources */ = {
			isa = PBXResourcesBuildPhase;
			buildActionMask = 2147483647;
			files = (
				8FE74EA6203FE9C600C215FA /* plays.txt in Resources */,
				8FE74E82203FE9AB00C215FA /* LaunchScreen.storyboard in Resources */,
				8FE74E7F203FE9AB00C215FA /* Assets.xcassets in Resources */,
				8FE74E7D203FE9AB00C215FA /* Main.storyboard in Resources */,
			);
			runOnlyForDeploymentPostprocessing = 0;
		};
		8FE74E86203FE9AB00C215FA /* Resources */ = {
			isa = PBXResourcesBuildPhase;
			buildActionMask = 2147483647;
			files = (
			);
			runOnlyForDeploymentPostprocessing = 0;
		};
		8FE74E91203FE9AB00C215FA /* Resources */ = {
			isa = PBXResourcesBuildPhase;
			buildActionMask = 2147483647;
			files = (
			);
			runOnlyForDeploymentPostprocessing = 0;
		};
/* End PBXResourcesBuildPhase section */

/* Begin PBXSourcesBuildPhase section */
		8FE74E70203FE9AA00C215FA /* Sources */ = {
			isa = PBXSourcesBuildPhase;
			buildActionMask = 2147483647;
			files = (
				8FE74EAA203FECBC00C215FA /* PlayData.swift in Sources */,
				8FE74E7A203FE9AB00C215FA /* ViewController.swift in Sources */,
				8FE74E78203FE9AA00C215FA /* AppDelegate.swift in Sources */,
			);
			runOnlyForDeploymentPostprocessing = 0;
		};
		8FE74E84203FE9AB00C215FA /* Sources */ = {
			isa = PBXSourcesBuildPhase;
			buildActionMask = 2147483647;
			files = (
				8FE74E8D203FE9AB00C215FA /* Project39Tests.swift in Sources */,
			);
			runOnlyForDeploymentPostprocessing = 0;
		};
		8FE74E8F203FE9AB00C215FA /* Sources */ = {
			isa = PBXSourcesBuildPhase;
			buildActionMask = 2147483647;
			files = (
				8FE74E98203FE9AB00C215FA /* Project39UITests.swift in Sources */,
			);
			runOnlyForDeploymentPostprocessing = 0;
		};
/* End PBXSourcesBuildPhase section */

/* Begin PBXTargetDependency section */
		8FE74E8A203FE9AB00C215FA /* PBXTargetDependency */ = {
			isa = PBXTargetDependency;
			target = 8FE74E73203FE9AA00C215FA /* Project39 */;
			targetProxy = 8FE74E89203FE9AB00C215FA /* PBXContainerItemProxy */;
		};
		8FE74E95203FE9AB00C215FA /* PBXTargetDependency */ = {
			isa = PBXTargetDependency;
			target = 8FE74E73203FE9AA00C215FA /* Project39 */;
			targetProxy = 8FE74E94203FE9AB00C215FA /* PBXContainerItemProxy */;
		};
/* End PBXTargetDependency section */

/* Begin PBXVariantGroup section */
		8FE74E7B203FE9AB00C215FA /* Main.storyboard */ = {
			isa = PBXVariantGroup;
			children = (
				8FE74E7C203FE9AB00C215FA /* Base */,
			);
			name = Main.storyboard;
			sourceTree = "<group>";
		};
		8FE74E80203FE9AB00C215FA /* LaunchScreen.storyboard */ = {
			isa = PBXVariantGroup;
			children = (
				8FE74E81203FE9AB00C215FA /* Base */,
			);
			name = LaunchScreen.storyboard;
			sourceTree = "<group>";
		};
/* End PBXVariantGroup section */

/* Begin XCBuildConfiguration section */
		8FE74E9A203FE9AB00C215FA /* Debug */ = {
			isa = XCBuildConfiguration;
			buildSettings = {
				ALWAYS_SEARCH_USER_PATHS = NO;
				CLANG_ANALYZER_NONNULL = YES;
				CLANG_ANALYZER_NUMBER_OBJECT_CONVERSION = YES_AGGRESSIVE;
				CLANG_CXX_LANGUAGE_STANDARD = "gnu++14";
				CLANG_CXX_LIBRARY = "libc++";
				CLANG_ENABLE_MODULES = YES;
				CLANG_ENABLE_OBJC_ARC = YES;
				CLANG_WARN_BLOCK_CAPTURE_AUTORELEASING = YES;
				CLANG_WARN_BOOL_CONVERSION = YES;
				CLANG_WARN_COMMA = YES;
				CLANG_WARN_CONSTANT_CONVERSION = YES;
				CLANG_WARN_DIRECT_OBJC_ISA_USAGE = YES_ERROR;
				CLANG_WARN_DOCUMENTATION_COMMENTS = YES;
				CLANG_WARN_EMPTY_BODY = YES;
				CLANG_WARN_ENUM_CONVERSION = YES;
				CLANG_WARN_INFINITE_RECURSION = YES;
				CLANG_WARN_INT_CONVERSION = YES;
				CLANG_WARN_NON_LITERAL_NULL_CONVERSION = YES;
				CLANG_WARN_OBJC_LITERAL_CONVERSION = YES;
				CLANG_WARN_OBJC_ROOT_CLASS = YES_ERROR;
				CLANG_WARN_RANGE_LOOP_ANALYSIS = YES;
				CLANG_WARN_STRICT_PROTOTYPES = YES;
				CLANG_WARN_SUSPICIOUS_MOVE = YES;
				CLANG_WARN_UNGUARDED_AVAILABILITY = YES_AGGRESSIVE;
				CLANG_WARN_UNREACHABLE_CODE = YES;
				CLANG_WARN__DUPLICATE_METHOD_MATCH = YES;
				CODE_SIGN_IDENTITY = "iPhone Developer";
				COPY_PHASE_STRIP = NO;
				DEBUG_INFORMATION_FORMAT = dwarf;
				ENABLE_STRICT_OBJC_MSGSEND = YES;
				ENABLE_TESTABILITY = YES;
				GCC_C_LANGUAGE_STANDARD = gnu11;
				GCC_DYNAMIC_NO_PIC = NO;
				GCC_NO_COMMON_BLOCKS = YES;
				GCC_OPTIMIZATION_LEVEL = 0;
				GCC_PREPROCESSOR_DEFINITIONS = (
					"DEBUG=1",
					"$(inherited)",
				);
				GCC_WARN_64_TO_32_BIT_CONVERSION = YES;
				GCC_WARN_ABOUT_RETURN_TYPE = YES_ERROR;
				GCC_WARN_UNDECLARED_SELECTOR = YES;
				GCC_WARN_UNINITIALIZED_AUTOS = YES_AGGRESSIVE;
				GCC_WARN_UNUSED_FUNCTION = YES;
				GCC_WARN_UNUSED_VARIABLE = YES;
				IPHONEOS_DEPLOYMENT_TARGET = 11.2;
				MTL_ENABLE_DEBUG_INFO = YES;
				ONLY_ACTIVE_ARCH = YES;
				SDKROOT = iphoneos;
				SWIFT_ACTIVE_COMPILATION_CONDITIONS = DEBUG;
				SWIFT_OPTIMIZATION_LEVEL = "-Onone";
			};
			name = Debug;
		};
		8FE74E9B203FE9AB00C215FA /* Release */ = {
			isa = XCBuildConfiguration;
			buildSettings = {
				ALWAYS_SEARCH_USER_PATHS = NO;
				CLANG_ANALYZER_NONNULL = YES;
				CLANG_ANALYZER_NUMBER_OBJECT_CONVERSION = YES_AGGRESSIVE;
				CLANG_CXX_LANGUAGE_STANDARD = "gnu++14";
				CLANG_CXX_LIBRARY = "libc++";
				CLANG_ENABLE_MODULES = YES;
				CLANG_ENABLE_OBJC_ARC = YES;
				CLANG_WARN_BLOCK_CAPTURE_AUTORELEASING = YES;
				CLANG_WARN_BOOL_CONVERSION = YES;
				CLANG_WARN_COMMA = YES;
				CLANG_WARN_CONSTANT_CONVERSION = YES;
				CLANG_WARN_DIRECT_OBJC_ISA_USAGE = YES_ERROR;
				CLANG_WARN_DOCUMENTATION_COMMENTS = YES;
				CLANG_WARN_EMPTY_BODY = YES;
				CLANG_WARN_ENUM_CONVERSION = YES;
				CLANG_WARN_INFINITE_RECURSION = YES;
				CLANG_WARN_INT_CONVERSION = YES;
				CLANG_WARN_NON_LITERAL_NULL_CONVERSION = YES;
				CLANG_WARN_OBJC_LITERAL_CONVERSION = YES;
				CLANG_WARN_OBJC_ROOT_CLASS = YES_ERROR;
				CLANG_WARN_RANGE_LOOP_ANALYSIS = YES;
				CLANG_WARN_STRICT_PROTOTYPES = YES;
				CLANG_WARN_SUSPICIOUS_MOVE = YES;
				CLANG_WARN_UNGUARDED_AVAILABILITY = YES_AGGRESSIVE;
				CLANG_WARN_UNREACHABLE_CODE = YES;
				CLANG_WARN__DUPLICATE_METHOD_MATCH = YES;
				CODE_SIGN_IDENTITY = "iPhone Developer";
				COPY_PHASE_STRIP = NO;
				DEBUG_INFORMATION_FORMAT = "dwarf-with-dsym";
				ENABLE_NS_ASSERTIONS = NO;
				ENABLE_STRICT_OBJC_MSGSEND = YES;
				GCC_C_LANGUAGE_STANDARD = gnu11;
				GCC_NO_COMMON_BLOCKS = YES;
				GCC_WARN_64_TO_32_BIT_CONVERSION = YES;
				GCC_WARN_ABOUT_RETURN_TYPE = YES_ERROR;
				GCC_WARN_UNDECLARED_SELECTOR = YES;
				GCC_WARN_UNINITIALIZED_AUTOS = YES_AGGRESSIVE;
				GCC_WARN_UNUSED_FUNCTION = YES;
				GCC_WARN_UNUSED_VARIABLE = YES;
				IPHONEOS_DEPLOYMENT_TARGET = 11.2;
				MTL_ENABLE_DEBUG_INFO = NO;
				SDKROOT = iphoneos;
				SWIFT_OPTIMIZATION_LEVEL = "-Owholemodule";
				VALIDATE_PRODUCT = YES;
			};
			name = Release;
		};
		8FE74E9D203FE9AB00C215FA /* Debug */ = {
			isa = XCBuildConfiguration;
			buildSettings = {
				ASSETCATALOG_COMPILER_APPICON_NAME = AppIcon;
				CODE_SIGN_STYLE = Automatic;
				INFOPLIST_FILE = Project39/Info.plist;
				LD_RUNPATH_SEARCH_PATHS = "$(inherited) @executable_path/Frameworks";
				PRODUCT_BUNDLE_IDENTIFIER = com.google.homahi0128.Project39;
				PRODUCT_NAME = "$(TARGET_NAME)";
				SWIFT_VERSION = 4.0;
				TARGETED_DEVICE_FAMILY = "1,2";
			};
			name = Debug;
		};
		8FE74E9E203FE9AB00C215FA /* Release */ = {
			isa = XCBuildConfiguration;
			buildSettings = {
				ASSETCATALOG_COMPILER_APPICON_NAME = AppIcon;
				CODE_SIGN_STYLE = Automatic;
				INFOPLIST_FILE = Project39/Info.plist;
				LD_RUNPATH_SEARCH_PATHS = "$(inherited) @executable_path/Frameworks";
				PRODUCT_BUNDLE_IDENTIFIER = com.google.homahi0128.Project39;
				PRODUCT_NAME = "$(TARGET_NAME)";
				SWIFT_VERSION = 4.0;
				TARGETED_DEVICE_FAMILY = "1,2";
			};
			name = Release;
		};
		8FE74EA0203FE9AB00C215FA /* Debug */ = {
			isa = XCBuildConfiguration;
			buildSettings = {
				ALWAYS_EMBED_SWIFT_STANDARD_LIBRARIES = YES;
				BUNDLE_LOADER = "$(TEST_HOST)";
				CODE_SIGN_STYLE = Automatic;
				INFOPLIST_FILE = Project39Tests/Info.plist;
				LD_RUNPATH_SEARCH_PATHS = "$(inherited) @executable_path/Frameworks @loader_path/Frameworks";
				PRODUCT_BUNDLE_IDENTIFIER = com.google.homahi0128.Project39Tests;
				PRODUCT_NAME = "$(TARGET_NAME)";
				SWIFT_VERSION = 4.0;
				TARGETED_DEVICE_FAMILY = "1,2";
				TEST_HOST = "$(BUILT_PRODUCTS_DIR)/Project39.app/Project39";
			};
			name = Debug;
		};
		8FE74EA1203FE9AB00C215FA /* Release */ = {
			isa = XCBuildConfiguration;
			buildSettings = {
				ALWAYS_EMBED_SWIFT_STANDARD_LIBRARIES = YES;
				BUNDLE_LOADER = "$(TEST_HOST)";
				CODE_SIGN_STYLE = Automatic;
				INFOPLIST_FILE = Project39Tests/Info.plist;
				LD_RUNPATH_SEARCH_PATHS = "$(inherited) @executable_path/Frameworks @loader_path/Frameworks";
				PRODUCT_BUNDLE_IDENTIFIER = com.google.homahi0128.Project39Tests;
				PRODUCT_NAME = "$(TARGET_NAME)";
				SWIFT_VERSION = 4.0;
				TARGETED_DEVICE_FAMILY = "1,2";
				TEST_HOST = "$(BUILT_PRODUCTS_DIR)/Project39.app/Project39";
			};
			name = Release;
		};
		8FE74EA3203FE9AB00C215FA /* Debug */ = {
			isa = XCBuildConfiguration;
			buildSettings = {
				ALWAYS_EMBED_SWIFT_STANDARD_LIBRARIES = YES;
				CODE_SIGN_STYLE = Automatic;
				INFOPLIST_FILE = Project39UITests/Info.plist;
				LD_RUNPATH_SEARCH_PATHS = "$(inherited) @executable_path/Frameworks @loader_path/Frameworks";
				PRODUCT_BUNDLE_IDENTIFIER = com.google.homahi0128.Project39UITests;
				PRODUCT_NAME = "$(TARGET_NAME)";
				SWIFT_VERSION = 4.0;
				TARGETED_DEVICE_FAMILY = "1,2";
				TEST_TARGET_NAME = Project39;
			};
			name = Debug;
		};
		8FE74EA4203FE9AB00C215FA /* Release */ = {
			isa = XCBuildConfiguration;
			buildSettings = {
				ALWAYS_EMBED_SWIFT_STANDARD_LIBRARIES = YES;
				CODE_SIGN_STYLE = Automatic;
				INFOPLIST_FILE = Project39UITests/Info.plist;
				LD_RUNPATH_SEARCH_PATHS = "$(inherited) @executable_path/Frameworks @loader_path/Frameworks";
				PRODUCT_BUNDLE_IDENTIFIER = com.google.homahi0128.Project39UITests;
				PRODUCT_NAME = "$(TARGET_NAME)";
				SWIFT_VERSION = 4.0;
				TARGETED_DEVICE_FAMILY = "1,2";
				TEST_TARGET_NAME = Project39;
			};
			name = Release;
		};
/* End XCBuildConfiguration section */

/* Begin XCConfigurationList section */
		8FE74E6F203FE9AA00C215FA /* Build configuration list for PBXProject "Project39" */ = {
			isa = XCConfigurationList;
			buildConfigurations = (
				8FE74E9A203FE9AB00C215FA /* Debug */,
				8FE74E9B203FE9AB00C215FA /* Release */,
			);
			defaultConfigurationIsVisible = 0;
			defaultConfigurationName = Release;
		};
		8FE74E9C203FE9AB00C215FA /* Build configuration list for PBXNativeTarget "Project39" */ = {
			isa = XCConfigurationList;
			buildConfigurations = (
				8FE74E9D203FE9AB00C215FA /* Debug */,
				8FE74E9E203FE9AB00C215FA /* Release */,
			);
			defaultConfigurationIsVisible = 0;
			defaultConfigurationName = Release;
		};
		8FE74E9F203FE9AB00C215FA /* Build configuration list for PBXNativeTarget "Project39Tests" */ = {
			isa = XCConfigurationList;
			buildConfigurations = (
				8FE74EA0203FE9AB00C215FA /* Debug */,
				8FE74EA1203FE9AB00C215FA /* Release */,
			);
			defaultConfigurationIsVisible = 0;
			defaultConfigurationName = Release;
		};
		8FE74EA2203FE9AB00C215FA /* Build configuration list for PBXNativeTarget "Project39UITests" */ = {
			isa = XCConfigurationList;
			buildConfigurations = (
				8FE74EA3203FE9AB00C215FA /* Debug */,
				8FE74EA4203FE9AB00C215FA /* Release */,
			);
			defaultConfigurationIsVisible = 0;
			defaultConfigurationName = Release;
		};
/* End XCConfigurationList section */
	};
	rootObject = 8FE74E6C203FE9AA00C215FA /* Project object */;
}
